
Microsoft Visual Studio Solution File, Format Version 12.00
# Visual Studio Version 16
VisualStudioVersion = 16.0.29102.190
MinimumVisualStudioVersion = 10.0.40219.1
Project("{FAE04EC0-301F-11D3-BF4B-00C04F79EFBC}") = "YAHL", "YAHL\YAHL.csproj", "{3F3357C7-686D-43B4-ABF6-6C09121B26AD}"
EndProject
Global
	GlobalSection(SolutionConfigurationPlatforms) = preSolution
		Debug|Any CPU = Debug|Any CPU
		Release|Any CPU = Release|Any CPU
	EndGlobalSection
	GlobalSection(ProjectConfigurationPlatforms) = postSolution
		{3F3357C7-686D-43B4-ABF6-6C09121B26AD}.Debug|Any CPU.ActiveCfg = Debug|Any CPU
		{3F3357C7-686D-43B4-ABF6-6C09121B26AD}.Debug|Any CPU.Build.0 = Debug|Any CPU
		{3F3357C7-686D-43B4-ABF6-6C09121B26AD}.Release|Any CPU.ActiveCfg = Release|Any CPU
		{3F3357C7-686D-43B4-ABF6-6C09121B26AD}.Release|Any CPU.Build.0 = Release|Any CPU
		{22C664BD-877B-44DF-8ECF-2808522469A8}.Debug|Any CPU.ActiveCfg = Debug|Any CPU
		{22C664BD-877B-44DF-8ECF-2808522469A8}.Debug|Any CPU.Build.0 = Debug|Any CPU
		{22C664BD-877B-44DF-8ECF-2808522469A8}.Release|Any CPU.ActiveCfg = Release|Any CPU
		{22C664BD-877B-44DF-8ECF-2808522469A8}.Release|Any CPU.Build.0 = Release|Any CPU
	EndGlobalSection
	GlobalSection(SolutionProperties) = preSolution
		HideSolutionNode = FALSE
	EndGlobalSection
	GlobalSection(ExtensibilityGlobals) = postSolution
		SolutionGuid = {105D7C0B-C130-4C83-A860-E5FCFF8DDA1F}
	EndGlobalSection
EndGlobal
